
Microsoft Visual Studio Solution File, Format Version 12.00
# Visual Studio Version 16
VisualStudioVersion = 16.0.31702.278
MinimumVisualStudioVersion = 10.0.40219.1
Project("{2150E333-8FDC-42A3-9474-1A3956D46DE8}") = ".Solution Items", ".Solution Items", "{B9C8AAA6-A0C5-4302-AF33-790B4F523E6A}"
	ProjectSection(SolutionItems) = preProject
		.dockerignore = .dockerignore
		.editorconfig = .editorconfig
		.gitignore = .gitignore
		SomeWebApp\.config\dotnet-tools.json = SomeWebApp\.config\dotnet-tools.json
		global.json = global.json
		NuGet.Config = NuGet.Config
		README.md = README.md
	EndProjectSection
EndProject
Project("{9A19103F-16F7-4668-BE54-9A1E7A4F7556}") = "SomeWebApp", "samples\SomeWebApp\SomeWebApp.csproj", "{7E5AF3E2-2214-4D5C-875F-604C72272927}"
EndProject
Project("{9A19103F-16F7-4668-BE54-9A1E7A4F7556}") = "Azure.OpenApiExtensions", "src\Azure.OpenApiExtensions\Azure.OpenApiExtensions.csproj", "{D41DC467-3863-4571-915B-FCB913A7BBD7}"
EndProject
Project("{FAE04EC0-301F-11D3-BF4B-00C04F79EFBC}") = "ArmResourceProviderDemo", "samples\ArmResourceProviderDemo\ArmResourceProviderDemo.csproj", "{EFB66B7C-A236-4557-8B41-2CCC34D27EA0}"
EndProject
Project("{2150E333-8FDC-42A3-9474-1A3956D46DE8}") = "samples", "samples", "{2EDC176C-BCDE-4759-9EDD-1B0CE23FE1FB}"
EndProject
Global
	GlobalSection(SolutionConfigurationPlatforms) = preSolution
		Debug|Any CPU = Debug|Any CPU
		Release|Any CPU = Release|Any CPU
	EndGlobalSection
	GlobalSection(ProjectConfigurationPlatforms) = postSolution
		{7E5AF3E2-2214-4D5C-875F-604C72272927}.Debug|Any CPU.ActiveCfg = Debug|Any CPU
		{7E5AF3E2-2214-4D5C-875F-604C72272927}.Debug|Any CPU.Build.0 = Debug|Any CPU
		{7E5AF3E2-2214-4D5C-875F-604C72272927}.Release|Any CPU.ActiveCfg = Release|Any CPU
		{7E5AF3E2-2214-4D5C-875F-604C72272927}.Release|Any CPU.Build.0 = Release|Any CPU
		{D41DC467-3863-4571-915B-FCB913A7BBD7}.Debug|Any CPU.ActiveCfg = Debug|Any CPU
		{D41DC467-3863-4571-915B-FCB913A7BBD7}.Debug|Any CPU.Build.0 = Debug|Any CPU
		{D41DC467-3863-4571-915B-FCB913A7BBD7}.Release|Any CPU.ActiveCfg = Release|Any CPU
		{D41DC467-3863-4571-915B-FCB913A7BBD7}.Release|Any CPU.Build.0 = Release|Any CPU
		{EFB66B7C-A236-4557-8B41-2CCC34D27EA0}.Debug|Any CPU.ActiveCfg = Debug|Any CPU
		{EFB66B7C-A236-4557-8B41-2CCC34D27EA0}.Debug|Any CPU.Build.0 = Debug|Any CPU
		{EFB66B7C-A236-4557-8B41-2CCC34D27EA0}.Release|Any CPU.ActiveCfg = Release|Any CPU
		{EFB66B7C-A236-4557-8B41-2CCC34D27EA0}.Release|Any CPU.Build.0 = Release|Any CPU
	EndGlobalSection
	GlobalSection(SolutionProperties) = preSolution
		HideSolutionNode = FALSE
	EndGlobalSection
	GlobalSection(NestedProjects) = preSolution
		{7E5AF3E2-2214-4D5C-875F-604C72272927} = {2EDC176C-BCDE-4759-9EDD-1B0CE23FE1FB}
		{EFB66B7C-A236-4557-8B41-2CCC34D27EA0} = {2EDC176C-BCDE-4759-9EDD-1B0CE23FE1FB}
	EndGlobalSection
	GlobalSection(ExtensibilityGlobals) = postSolution
		SolutionGuid = {EB57A47A-27F7-48FB-843C-6DBE052B81E6}
	EndGlobalSection
EndGlobal
