
Microsoft Visual Studio Solution File, Format Version 12.00
# Visual Studio Version 16
VisualStudioVersion = 16.0.31702.278
MinimumVisualStudioVersion = 10.0.40219.1
Project("{2150E333-8FDC-42A3-9474-1A3956D46DE8}") = ".Solution Items", ".Solution Items", "{B9C8AAA6-A0C5-4302-AF33-790B4F523E6A}"
	ProjectSection(SolutionItems) = preProject
		.dockerignore = .dockerignore
		.editorconfig = .editorconfig
		.gitignore = .gitignore
		Directory.Build.props = Directory.Build.props
		SomeWebApp\.config\dotnet-tools.json = SomeWebApp\.config\dotnet-tools.json
		global.json = global.json
		NuGet.Config = NuGet.Config
		README.md = README.md
		stylecop.json = stylecop.json
	EndProjectSection
EndProject
Project("{9A19103F-16F7-4668-BE54-9A1E7A4F7556}") = "ArmResourceProviderDemo", "samples\ArmResourceProviderDemo\ArmResourceProviderDemo.csproj", "{EFB66B7C-A236-4557-8B41-2CCC34D27EA0}"
EndProject
Project("{2150E333-8FDC-42A3-9474-1A3956D46DE8}") = "samples", "samples", "{2EDC176C-BCDE-4759-9EDD-1B0CE23FE1FB}"
EndProject
Project("{9A19103F-16F7-4668-BE54-9A1E7A4F7556}") = "OpenApiExtensions", "src\OpenApiExtensions\OpenApiExtensions.csproj", "{44024B49-88A9-46BD-A9BB-414E0311A73D}"
EndProject
Project("{9A19103F-16F7-4668-BE54-9A1E7A4F7556}") = "BasicWebAppDemo", "samples\BasicWebAppDemo\BasicWebAppDemo.csproj", "{876DEB56-964B-496B-9DAE-4E1FDA5C906F}"
EndProject
Project("{9A19103F-16F7-4668-BE54-9A1E7A4F7556}") = "SimpleKindArmResourceProviderDemo", "samples\SimpleKindArmResourceProviderDemo\SimpleKindArmResourceProviderDemo.csproj", "{A2118CB4-45DF-47ED-B257-D2B2C4BB8E3A}"
EndProject
Project("{2150E333-8FDC-42A3-9474-1A3956D46DE8}") = "tests", "tests", "{B41E590F-8952-40FC-8625-1A4FA7F52D63}"
EndProject
Project("{9A19103F-16F7-4668-BE54-9A1E7A4F7556}") = "OpenApiExtensions.Test", "tests\OpenApiExtensions.Test\OpenApiExtensions.Test.csproj", "{17BD1A97-D83A-4E61-9F3E-1F0C7407FF6A}"
EndProject
Global
	GlobalSection(SolutionConfigurationPlatforms) = preSolution
		Debug|Any CPU = Debug|Any CPU
		Release|Any CPU = Release|Any CPU
	EndGlobalSection
	GlobalSection(ProjectConfigurationPlatforms) = postSolution
		{EFB66B7C-A236-4557-8B41-2CCC34D27EA0}.Debug|Any CPU.ActiveCfg = Debug|Any CPU
		{EFB66B7C-A236-4557-8B41-2CCC34D27EA0}.Debug|Any CPU.Build.0 = Debug|Any CPU
		{EFB66B7C-A236-4557-8B41-2CCC34D27EA0}.Release|Any CPU.ActiveCfg = Release|Any CPU
		{EFB66B7C-A236-4557-8B41-2CCC34D27EA0}.Release|Any CPU.Build.0 = Release|Any CPU
		{44024B49-88A9-46BD-A9BB-414E0311A73D}.Debug|Any CPU.ActiveCfg = Debug|Any CPU
		{44024B49-88A9-46BD-A9BB-414E0311A73D}.Debug|Any CPU.Build.0 = Debug|Any CPU
		{44024B49-88A9-46BD-A9BB-414E0311A73D}.Release|Any CPU.ActiveCfg = Release|Any CPU
		{44024B49-88A9-46BD-A9BB-414E0311A73D}.Release|Any CPU.Build.0 = Release|Any CPU
		{876DEB56-964B-496B-9DAE-4E1FDA5C906F}.Debug|Any CPU.ActiveCfg = Debug|Any CPU
		{876DEB56-964B-496B-9DAE-4E1FDA5C906F}.Debug|Any CPU.Build.0 = Debug|Any CPU
		{876DEB56-964B-496B-9DAE-4E1FDA5C906F}.Release|Any CPU.ActiveCfg = Release|Any CPU
		{876DEB56-964B-496B-9DAE-4E1FDA5C906F}.Release|Any CPU.Build.0 = Release|Any CPU
		{A2118CB4-45DF-47ED-B257-D2B2C4BB8E3A}.Debug|Any CPU.ActiveCfg = Debug|Any CPU
		{A2118CB4-45DF-47ED-B257-D2B2C4BB8E3A}.Debug|Any CPU.Build.0 = Debug|Any CPU
		{A2118CB4-45DF-47ED-B257-D2B2C4BB8E3A}.Release|Any CPU.ActiveCfg = Release|Any CPU
		{A2118CB4-45DF-47ED-B257-D2B2C4BB8E3A}.Release|Any CPU.Build.0 = Release|Any CPU
		{17BD1A97-D83A-4E61-9F3E-1F0C7407FF6A}.Debug|Any CPU.ActiveCfg = Debug|Any CPU
		{17BD1A97-D83A-4E61-9F3E-1F0C7407FF6A}.Debug|Any CPU.Build.0 = Debug|Any CPU
		{17BD1A97-D83A-4E61-9F3E-1F0C7407FF6A}.Release|Any CPU.ActiveCfg = Release|Any CPU
		{17BD1A97-D83A-4E61-9F3E-1F0C7407FF6A}.Release|Any CPU.Build.0 = Release|Any CPU
	EndGlobalSection
	GlobalSection(SolutionProperties) = preSolution
		HideSolutionNode = FALSE
	EndGlobalSection
	GlobalSection(NestedProjects) = preSolution
		{EFB66B7C-A236-4557-8B41-2CCC34D27EA0} = {2EDC176C-BCDE-4759-9EDD-1B0CE23FE1FB}
		{876DEB56-964B-496B-9DAE-4E1FDA5C906F} = {2EDC176C-BCDE-4759-9EDD-1B0CE23FE1FB}
		{A2118CB4-45DF-47ED-B257-D2B2C4BB8E3A} = {2EDC176C-BCDE-4759-9EDD-1B0CE23FE1FB}
		{17BD1A97-D83A-4E61-9F3E-1F0C7407FF6A} = {B41E590F-8952-40FC-8625-1A4FA7F52D63}
	EndGlobalSection
	GlobalSection(ExtensibilityGlobals) = postSolution
		SolutionGuid = {EB57A47A-27F7-48FB-843C-6DBE052B81E6}
	EndGlobalSection
EndGlobal
